
Microsoft Visual Studio Solution File, Format Version 12.00
# Visual Studio 15
Project("{FAE04EC0-301F-11D3-BF4B-00C04F79EFBC}") = "Sirenix.OdinInspector.CompatibilityLayer", "Sirenix.OdinInspector.CompatibilityLayer.csproj", "{B03AC62C-2CD5-F28B-36F9-512B8D42F186}"
EndProject
Project("{FAE04EC0-301F-11D3-BF4B-00C04F79EFBC}") = "Assembly-CSharp", "Assembly-CSharp.csproj", "{66806DA4-3BFA-EC0F-8FEF-2D5E9C07D10E}"
EndProject
Project("{FAE04EC0-301F-11D3-BF4B-00C04F79EFBC}") = "Sirenix.OdinInspector.CompatibilityLayer.Editor", "Sirenix.OdinInspector.CompatibilityLayer.Editor.csproj", "{B7BD7D48-71B6-0B3B-5CB9-6810C74602CF}"
EndProject
Global
	GlobalSection(SolutionConfigurationPlatforms) = preSolution
		Debug|Any CPU = Debug|Any CPU
		Release|Any CPU = Release|Any CPU
	EndGlobalSection
	GlobalSection(ProjectConfigurationPlatforms) = postSolution
		{B03AC62C-2CD5-F28B-36F9-512B8D42F186}.Debug|Any CPU.ActiveCfg = Debug|Any CPU
		{B03AC62C-2CD5-F28B-36F9-512B8D42F186}.Debug|Any CPU.Build.0 = Debug|Any CPU
		{B03AC62C-2CD5-F28B-36F9-512B8D42F186}.Release|Any CPU.ActiveCfg = Release|Any CPU
		{B03AC62C-2CD5-F28B-36F9-512B8D42F186}.Release|Any CPU.Build.0 = Release|Any CPU
		{66806DA4-3BFA-EC0F-8FEF-2D5E9C07D10E}.Debug|Any CPU.ActiveCfg = Debug|Any CPU
		{66806DA4-3BFA-EC0F-8FEF-2D5E9C07D10E}.Debug|Any CPU.Build.0 = Debug|Any CPU
		{66806DA4-3BFA-EC0F-8FEF-2D5E9C07D10E}.Release|Any CPU.ActiveCfg = Release|Any CPU
		{66806DA4-3BFA-EC0F-8FEF-2D5E9C07D10E}.Release|Any CPU.Build.0 = Release|Any CPU
		{B7BD7D48-71B6-0B3B-5CB9-6810C74602CF}.Debug|Any CPU.ActiveCfg = Debug|Any CPU
		{B7BD7D48-71B6-0B3B-5CB9-6810C74602CF}.Debug|Any CPU.Build.0 = Debug|Any CPU
		{B7BD7D48-71B6-0B3B-5CB9-6810C74602CF}.Release|Any CPU.ActiveCfg = Release|Any CPU
		{B7BD7D48-71B6-0B3B-5CB9-6810C74602CF}.Release|Any CPU.Build.0 = Release|Any CPU
	EndGlobalSection
	GlobalSection(SolutionProperties) = preSolution
		HideSolutionNode = FALSE
	EndGlobalSection
EndGlobal
